dependencies:
- name: gloo-ee
  repository: http://storage.googleapis.com/gloo-ee-helm
  version: 1.5.0
- name: cert-manager
  repository: https://charts.jetstack.io
  version: v1.0.2
digest: sha256:e665e4f19f1fa1ee7696c1f5f19e5468692010301ab6bc5405a09baa07d7d5cb
generated: "2020-10-08T15:14:11.847542+03:00"
